
Microsoft Visual Studio Solution File, Format Version 12.00
# Visual Studio Version 17
VisualStudioVersion = 17.2.32630.192
MinimumVisualStudioVersion = 10.0.40219.1
Project("{9A19103F-16F7-4668-BE54-9A1E7A4F7556}") = "BallistConsole", "BallistConsole\BallistConsole.csproj", "{A60A89CC-32AB-4F62-A722-754AA678AE52}"
EndProject
Project("{9A19103F-16F7-4668-BE54-9A1E7A4F7556}") = "BallistWin", "BallistWin\BallistWin.csproj", "{C25A4030-FF82-428E-B1CA-AB3D6BE7A8DC}"
EndProject
Global
	GlobalSection(SolutionConfigurationPlatforms) = preSolution
		Debug|Any CPU = Debug|Any CPU
		Release|Any CPU = Release|Any CPU
	EndGlobalSection
	GlobalSection(ProjectConfigurationPlatforms) = postSolution
		{A60A89CC-32AB-4F62-A722-754AA678AE52}.Debug|Any CPU.ActiveCfg = Debug|Any CPU
		{A60A89CC-32AB-4F62-A722-754AA678AE52}.Debug|Any CPU.Build.0 = Debug|Any CPU
		{A60A89CC-32AB-4F62-A722-754AA678AE52}.Release|Any CPU.ActiveCfg = Release|Any CPU
		{A60A89CC-32AB-4F62-A722-754AA678AE52}.Release|Any CPU.Build.0 = Release|Any CPU
		{C25A4030-FF82-428E-B1CA-AB3D6BE7A8DC}.Debug|Any CPU.ActiveCfg = Debug|Any CPU
		{C25A4030-FF82-428E-B1CA-AB3D6BE7A8DC}.Debug|Any CPU.Build.0 = Debug|Any CPU
		{C25A4030-FF82-428E-B1CA-AB3D6BE7A8DC}.Release|Any CPU.ActiveCfg = Release|Any CPU
		{C25A4030-FF82-428E-B1CA-AB3D6BE7A8DC}.Release|Any CPU.Build.0 = Release|Any CPU
	EndGlobalSection
	GlobalSection(SolutionProperties) = preSolution
		HideSolutionNode = FALSE
	EndGlobalSection
	GlobalSection(ExtensibilityGlobals) = postSolution
		SolutionGuid = {E0AF89DF-B7C1-4D38-AF8A-F9AFCC2F332F}
	EndGlobalSection
EndGlobal
